
Microsoft Visual Studio Solution File, Format Version 12.00
# Visual Studio 15
VisualStudioVersion = 15.0.28010.2036
MinimumVisualStudioVersion = 10.0.40219.1
Project("{FAE04EC0-301F-11D3-BF4B-00C04F79EFBC}") = "ElasticsearchHealthMonitor", "ElasticsearchHealthMonitor\ElasticsearchHealthMonitor.csproj", "{93DA417F-D1E5-4499-A797-8E2014FB8E26}"
EndProject
Global
	GlobalSection(SolutionConfigurationPlatforms) = preSolution
		Debug|Any CPU = Debug|Any CPU
		Release|Any CPU = Release|Any CPU
	EndGlobalSection
	GlobalSection(ProjectConfigurationPlatforms) = postSolution
		{93DA417F-D1E5-4499-A797-8E2014FB8E26}.Debug|Any CPU.ActiveCfg = Debug|Any CPU
		{93DA417F-D1E5-4499-A797-8E2014FB8E26}.Debug|Any CPU.Build.0 = Debug|Any CPU
		{93DA417F-D1E5-4499-A797-8E2014FB8E26}.Release|Any CPU.ActiveCfg = Release|Any CPU
		{93DA417F-D1E5-4499-A797-8E2014FB8E26}.Release|Any CPU.Build.0 = Release|Any CPU
	EndGlobalSection
	GlobalSection(SolutionProperties) = preSolution
		HideSolutionNode = FALSE
	EndGlobalSection
	GlobalSection(ExtensibilityGlobals) = postSolution
		SolutionGuid = {27BF7BDC-4703-49DE-B7E6-3AB191347CB7}
	EndGlobalSection
EndGlobal
